
Microsoft Visual Studio Solution File, Format Version 12.00
# Visual Studio Version 17
VisualStudioVersion = 17.4.33205.214
MinimumVisualStudioVersion = 10.0.40219.1
Project("{FAE04EC0-301F-11D3-BF4B-00C04F79EFBC}") = "KartuliEnaApi", "KartuliEnaApi\KartuliEnaApi.csproj", "{3D342F28-B9E0-45B7-92B7-F33CA232AE93}"
EndProject
Global
	GlobalSection(SolutionConfigurationPlatforms) = preSolution
		Debug|Any CPU = Debug|Any CPU
		Release|Any CPU = Release|Any CPU
	EndGlobalSection
	GlobalSection(ProjectConfigurationPlatforms) = postSolution
		{3D342F28-B9E0-45B7-92B7-F33CA232AE93}.Debug|Any CPU.ActiveCfg = Debug|Any CPU
		{3D342F28-B9E0-45B7-92B7-F33CA232AE93}.Debug|Any CPU.Build.0 = Debug|Any CPU
		{3D342F28-B9E0-45B7-92B7-F33CA232AE93}.Release|Any CPU.ActiveCfg = Release|Any CPU
		{3D342F28-B9E0-45B7-92B7-F33CA232AE93}.Release|Any CPU.Build.0 = Release|Any CPU
	EndGlobalSection
	GlobalSection(SolutionProperties) = preSolution
		HideSolutionNode = FALSE
	EndGlobalSection
	GlobalSection(ExtensibilityGlobals) = postSolution
		SolutionGuid = {7D73C1FC-56FD-4929-9610-217413923247}
	EndGlobalSection
EndGlobal
